
Microsoft Visual Studio Solution File, Format Version 12.00
# Visual Studio 15
VisualStudioVersion = 15.0.28307.645
MinimumVisualStudioVersion = 10.0.40219.1
Project("{FAE04EC0-301F-11D3-BF4B-00C04F79EFBC}") = "CGAParser.TestApp", "CGAParser.TestApp\CGAParser.TestApp.csproj", "{70EE7675-76F6-4B88-BEBF-058EB6429DB8}"
EndProject
Project("{FAE04EC0-301F-11D3-BF4B-00C04F79EFBC}") = "CGAParser", "CGAParser\CGAParser.csproj", "{5053F996-6797-4F8D-8E31-37F5423E6437}"
EndProject
Project("{FAE04EC0-301F-11D3-BF4B-00C04F79EFBC}") = "CGAParser.UnitTests", "CGAParser.UnitTests\CGAParser.UnitTests.csproj", "{3A99EC75-7FA5-4782-B5C7-FDF4BD2584F6}"
EndProject
Global
	GlobalSection(SolutionConfigurationPlatforms) = preSolution
		Debug|Any CPU = Debug|Any CPU
		Release|Any CPU = Release|Any CPU
	EndGlobalSection
	GlobalSection(ProjectConfigurationPlatforms) = postSolution
		{70EE7675-76F6-4B88-BEBF-058EB6429DB8}.Debug|Any CPU.ActiveCfg = Debug|Any CPU
		{70EE7675-76F6-4B88-BEBF-058EB6429DB8}.Debug|Any CPU.Build.0 = Debug|Any CPU
		{70EE7675-76F6-4B88-BEBF-058EB6429DB8}.Release|Any CPU.ActiveCfg = Release|Any CPU
		{70EE7675-76F6-4B88-BEBF-058EB6429DB8}.Release|Any CPU.Build.0 = Release|Any CPU
		{5053F996-6797-4F8D-8E31-37F5423E6437}.Debug|Any CPU.ActiveCfg = Debug|Any CPU
		{5053F996-6797-4F8D-8E31-37F5423E6437}.Debug|Any CPU.Build.0 = Debug|Any CPU
		{5053F996-6797-4F8D-8E31-37F5423E6437}.Release|Any CPU.ActiveCfg = Release|Any CPU
		{5053F996-6797-4F8D-8E31-37F5423E6437}.Release|Any CPU.Build.0 = Release|Any CPU
		{3A99EC75-7FA5-4782-B5C7-FDF4BD2584F6}.Debug|Any CPU.ActiveCfg = Debug|Any CPU
		{3A99EC75-7FA5-4782-B5C7-FDF4BD2584F6}.Debug|Any CPU.Build.0 = Debug|Any CPU
		{3A99EC75-7FA5-4782-B5C7-FDF4BD2584F6}.Release|Any CPU.ActiveCfg = Release|Any CPU
		{3A99EC75-7FA5-4782-B5C7-FDF4BD2584F6}.Release|Any CPU.Build.0 = Release|Any CPU
	EndGlobalSection
	GlobalSection(SolutionProperties) = preSolution
		HideSolutionNode = FALSE
	EndGlobalSection
	GlobalSection(ExtensibilityGlobals) = postSolution
		SolutionGuid = {C68C4EC6-FF4A-4EC7-92D3-B9F64895C1B3}
	EndGlobalSection
EndGlobal
